
Microsoft Visual Studio Solution File, Format Version 12.00
# Visual Studio Version 17
VisualStudioVersion = 17.3.32901.215
MinimumVisualStudioVersion = 10.0.40219.1
Project("{FAE04EC0-301F-11D3-BF4B-00C04F79EFBC}") = "Shop_dotNet", "Shop_dotNet\Shop_dotNet.csproj", "{1A5F15F8-5790-4D7D-85C0-9251A52BAC6A}"
EndProject
Global
	GlobalSection(SolutionConfigurationPlatforms) = preSolution
		Debug|Any CPU = Debug|Any CPU
		Release|Any CPU = Release|Any CPU
	EndGlobalSection
	GlobalSection(ProjectConfigurationPlatforms) = postSolution
		{1A5F15F8-5790-4D7D-85C0-9251A52BAC6A}.Debug|Any CPU.ActiveCfg = Debug|Any CPU
		{1A5F15F8-5790-4D7D-85C0-9251A52BAC6A}.Debug|Any CPU.Build.0 = Debug|Any CPU
		{1A5F15F8-5790-4D7D-85C0-9251A52BAC6A}.Release|Any CPU.ActiveCfg = Release|Any CPU
		{1A5F15F8-5790-4D7D-85C0-9251A52BAC6A}.Release|Any CPU.Build.0 = Release|Any CPU
	EndGlobalSection
	GlobalSection(SolutionProperties) = preSolution
		HideSolutionNode = FALSE
	EndGlobalSection
	GlobalSection(ExtensibilityGlobals) = postSolution
		SolutionGuid = {661A62C1-6F86-42F7-B61A-6CF8F3E689AC}
	EndGlobalSection
EndGlobal
